
Microsoft Visual Studio Solution File, Format Version 12.00
# Visual Studio Version 16
VisualStudioVersion = 16.0.30717.126
MinimumVisualStudioVersion = 10.0.40219.1
Project("{FAE04EC0-301F-11D3-BF4B-00C04F79EFBC}") = "BookStoreProject", "BookStoreProject\BookStoreProject.csproj", "{59A9A76E-E2D1-49A8-B9EB-3F0ACA28B312}"
EndProject
Global
	GlobalSection(SolutionConfigurationPlatforms) = preSolution
		Debug|Any CPU = Debug|Any CPU
		Release|Any CPU = Release|Any CPU
	EndGlobalSection
	GlobalSection(ProjectConfigurationPlatforms) = postSolution
		{59A9A76E-E2D1-49A8-B9EB-3F0ACA28B312}.Debug|Any CPU.ActiveCfg = Debug|Any CPU
		{59A9A76E-E2D1-49A8-B9EB-3F0ACA28B312}.Debug|Any CPU.Build.0 = Debug|Any CPU
		{59A9A76E-E2D1-49A8-B9EB-3F0ACA28B312}.Release|Any CPU.ActiveCfg = Release|Any CPU
		{59A9A76E-E2D1-49A8-B9EB-3F0ACA28B312}.Release|Any CPU.Build.0 = Release|Any CPU
	EndGlobalSection
	GlobalSection(SolutionProperties) = preSolution
		HideSolutionNode = FALSE
	EndGlobalSection
	GlobalSection(ExtensibilityGlobals) = postSolution
		SolutionGuid = {B9DF5E7E-7E7E-485A-B19C-E02D3FB1C9DB}
	EndGlobalSection
EndGlobal
